
Microsoft Visual Studio Solution File, Format Version 12.00
# Visual Studio Version 16
VisualStudioVersion = 16.0.31624.102
MinimumVisualStudioVersion = 10.0.40219.1
Project("{FAE04EC0-301F-11D3-BF4B-00C04F79EFBC}") = "BuatKerja.Android", "BuatKerja\BuatKerja.Android\BuatKerja.Android.csproj", "{1BE465D3-C9DC-4956-85BB-DA38763C59CE}"
EndProject
Project("{FAE04EC0-301F-11D3-BF4B-00C04F79EFBC}") = "BuatKerja.iOS", "BuatKerja\BuatKerja.iOS\BuatKerja.iOS.csproj", "{E402C7C3-1CF7-4E85-91BE-5B8A987B41C1}"
EndProject
Project("{FAE04EC0-301F-11D3-BF4B-00C04F79EFBC}") = "BuatKerja", "BuatKerja\BuatKerja\BuatKerja.csproj", "{DA0BF1E9-ED94-4477-A40E-5CE7ACC55C07}"
EndProject
Global
	GlobalSection(SolutionConfigurationPlatforms) = preSolution
		Debug|Any CPU = Debug|Any CPU
		Debug|iPhone = Debug|iPhone
		Debug|iPhoneSimulator = Debug|iPhoneSimulator
		Release|Any CPU = Release|Any CPU
		Release|iPhone = Release|iPhone
		Release|iPhoneSimulator = Release|iPhoneSimulator
	EndGlobalSection
	GlobalSection(ProjectConfigurationPlatforms) = postSolution
		{1BE465D3-C9DC-4956-85BB-DA38763C59CE}.Debug|Any CPU.ActiveCfg = Debug|Any CPU
		{1BE465D3-C9DC-4956-85BB-DA38763C59CE}.Debug|Any CPU.Build.0 = Debug|Any CPU
		{1BE465D3-C9DC-4956-85BB-DA38763C59CE}.Debug|Any CPU.Deploy.0 = Debug|Any CPU
		{1BE465D3-C9DC-4956-85BB-DA38763C59CE}.Debug|iPhone.ActiveCfg = Debug|Any CPU
		{1BE465D3-C9DC-4956-85BB-DA38763C59CE}.Debug|iPhone.Build.0 = Debug|Any CPU
		{1BE465D3-C9DC-4956-85BB-DA38763C59CE}.Debug|iPhone.Deploy.0 = Debug|Any CPU
		{1BE465D3-C9DC-4956-85BB-DA38763C59CE}.Debug|iPhoneSimulator.ActiveCfg = Debug|Any CPU
		{1BE465D3-C9DC-4956-85BB-DA38763C59CE}.Debug|iPhoneSimulator.Build.0 = Debug|Any CPU
		{1BE465D3-C9DC-4956-85BB-DA38763C59CE}.Debug|iPhoneSimulator.Deploy.0 = Debug|Any CPU
		{1BE465D3-C9DC-4956-85BB-DA38763C59CE}.Release|Any CPU.ActiveCfg = Release|Any CPU
		{1BE465D3-C9DC-4956-85BB-DA38763C59CE}.Release|Any CPU.Build.0 = Release|Any CPU
		{1BE465D3-C9DC-4956-85BB-DA38763C59CE}.Release|Any CPU.Deploy.0 = Release|Any CPU
		{1BE465D3-C9DC-4956-85BB-DA38763C59CE}.Release|iPhone.ActiveCfg = Release|Any CPU
		{1BE465D3-C9DC-4956-85BB-DA38763C59CE}.Release|iPhone.Build.0 = Release|Any CPU
		{1BE465D3-C9DC-4956-85BB-DA38763C59CE}.Release|iPhone.Deploy.0 = Release|Any CPU
		{1BE465D3-C9DC-4956-85BB-DA38763C59CE}.Release|iPhoneSimulator.ActiveCfg = Release|Any CPU
		{1BE465D3-C9DC-4956-85BB-DA38763C59CE}.Release|iPhoneSimulator.Build.0 = Release|Any CPU
		{1BE465D3-C9DC-4956-85BB-DA38763C59CE}.Release|iPhoneSimulator.Deploy.0 = Release|Any CPU
		{E402C7C3-1CF7-4E85-91BE-5B8A987B41C1}.Debug|Any CPU.ActiveCfg = Debug|iPhone
		{E402C7C3-1CF7-4E85-91BE-5B8A987B41C1}.Debug|Any CPU.Build.0 = Debug|iPhone
		{E402C7C3-1CF7-4E85-91BE-5B8A987B41C1}.Debug|Any CPU.Deploy.0 = Debug|iPhone
		{E402C7C3-1CF7-4E85-91BE-5B8A987B41C1}.Debug|iPhone.ActiveCfg = Debug|iPhone
		{E402C7C3-1CF7-4E85-91BE-5B8A987B41C1}.Debug|iPhone.Build.0 = Debug|iPhone
		{E402C7C3-1CF7-4E85-91BE-5B8A987B41C1}.Debug|iPhone.Deploy.0 = Debug|iPhone
		{E402C7C3-1CF7-4E85-91BE-5B8A987B41C1}.Debug|iPhoneSimulator.ActiveCfg = Debug|iPhoneSimulator
		{E402C7C3-1CF7-4E85-91BE-5B8A987B41C1}.Debug|iPhoneSimulator.Build.0 = Debug|iPhoneSimulator
		{E402C7C3-1CF7-4E85-91BE-5B8A987B41C1}.Debug|iPhoneSimulator.Deploy.0 = Debug|iPhoneSimulator
		{E402C7C3-1CF7-4E85-91BE-5B8A987B41C1}.Release|Any CPU.ActiveCfg = Release|iPhoneSimulator
		{E402C7C3-1CF7-4E85-91BE-5B8A987B41C1}.Release|Any CPU.Build.0 = Release|iPhoneSimulator
		{E402C7C3-1CF7-4E85-91BE-5B8A987B41C1}.Release|Any CPU.Deploy.0 = Release|iPhoneSimulator
		{E402C7C3-1CF7-4E85-91BE-5B8A987B41C1}.Release|iPhone.ActiveCfg = Release|iPhone
		{E402C7C3-1CF7-4E85-91BE-5B8A987B41C1}.Release|iPhone.Build.0 = Release|iPhone
		{E402C7C3-1CF7-4E85-91BE-5B8A987B41C1}.Release|iPhone.Deploy.0 = Release|iPhone
		{E402C7C3-1CF7-4E85-91BE-5B8A987B41C1}.Release|iPhoneSimulator.ActiveCfg = Release|iPhoneSimulator
		{E402C7C3-1CF7-4E85-91BE-5B8A987B41C1}.Release|iPhoneSimulator.Build.0 = Release|iPhoneSimulator
		{E402C7C3-1CF7-4E85-91BE-5B8A987B41C1}.Release|iPhoneSimulator.Deploy.0 = Release|iPhoneSimulator
		{DA0BF1E9-ED94-4477-A40E-5CE7ACC55C07}.Debug|Any CPU.ActiveCfg = Debug|Any CPU
		{DA0BF1E9-ED94-4477-A40E-5CE7ACC55C07}.Debug|Any CPU.Build.0 = Debug|Any CPU
		{DA0BF1E9-ED94-4477-A40E-5CE7ACC55C07}.Debug|Any CPU.Deploy.0 = Debug|Any CPU
		{DA0BF1E9-ED94-4477-A40E-5CE7ACC55C07}.Debug|iPhone.ActiveCfg = Debug|Any CPU
		{DA0BF1E9-ED94-4477-A40E-5CE7ACC55C07}.Debug|iPhone.Build.0 = Debug|Any CPU
		{DA0BF1E9-ED94-4477-A40E-5CE7ACC55C07}.Debug|iPhone.Deploy.0 = Debug|Any CPU
		{DA0BF1E9-ED94-4477-A40E-5CE7ACC55C07}.Debug|iPhoneSimulator.ActiveCfg = Debug|Any CPU
		{DA0BF1E9-ED94-4477-A40E-5CE7ACC55C07}.Debug|iPhoneSimulator.Build.0 = Debug|Any CPU
		{DA0BF1E9-ED94-4477-A40E-5CE7ACC55C07}.Debug|iPhoneSimulator.Deploy.0 = Debug|Any CPU
		{DA0BF1E9-ED94-4477-A40E-5CE7ACC55C07}.Release|Any CPU.ActiveCfg = Release|Any CPU
		{DA0BF1E9-ED94-4477-A40E-5CE7ACC55C07}.Release|Any CPU.Build.0 = Release|Any CPU
		{DA0BF1E9-ED94-4477-A40E-5CE7ACC55C07}.Release|Any CPU.Deploy.0 = Release|Any CPU
		{DA0BF1E9-ED94-4477-A40E-5CE7ACC55C07}.Release|iPhone.ActiveCfg = Release|Any CPU
		{DA0BF1E9-ED94-4477-A40E-5CE7ACC55C07}.Release|iPhone.Build.0 = Release|Any CPU
		{DA0BF1E9-ED94-4477-A40E-5CE7ACC55C07}.Release|iPhone.Deploy.0 = Release|Any CPU
		{DA0BF1E9-ED94-4477-A40E-5CE7ACC55C07}.Release|iPhoneSimulator.ActiveCfg = Release|Any CPU
		{DA0BF1E9-ED94-4477-A40E-5CE7ACC55C07}.Release|iPhoneSimulator.Build.0 = Release|Any CPU
		{DA0BF1E9-ED94-4477-A40E-5CE7ACC55C07}.Release|iPhoneSimulator.Deploy.0 = Release|Any CPU
	EndGlobalSection
	GlobalSection(SolutionProperties) = preSolution
		HideSolutionNode = FALSE
	EndGlobalSection
	GlobalSection(ExtensibilityGlobals) = postSolution
		SolutionGuid = {C4237499-A049-43ED-AA33-5B4CADD072BD}
	EndGlobalSection
EndGlobal
